
Microsoft Visual Studio Solution File, Format Version 12.00
# Visual Studio 15
VisualStudioVersion = 15.0.28307.421
MinimumVisualStudioVersion = 10.0.40219.1
Project("{FAE04EC0-301F-11D3-BF4B-00C04F79EFBC}") = "TenXamarinD6.Android", "TenXamarinD6\TenXamarinD6.Android\TenXamarinD6.Android.csproj", "{0D206C69-0863-45AE-9E49-0B3479BAD911}"
EndProject
Project("{FAE04EC0-301F-11D3-BF4B-00C04F79EFBC}") = "TenXamarinD6.iOS", "TenXamarinD6\TenXamarinD6.iOS\TenXamarinD6.iOS.csproj", "{B64D8396-294B-4233-9BBF-97119C2B3833}"
EndProject
Project("{FAE04EC0-301F-11D3-BF4B-00C04F79EFBC}") = "TenXamarinD6.UWP", "TenXamarinD6\TenXamarinD6.UWP\TenXamarinD6.UWP.csproj", "{1FE543DA-0FCF-44FF-9958-A165EC585C36}"
EndProject
Project("{FAE04EC0-301F-11D3-BF4B-00C04F79EFBC}") = "TenXamarinD6", "TenXamarinD6\TenXamarinD6\TenXamarinD6.csproj", "{1AC873DE-B0BD-454F-883F-7062EB3D5103}"
EndProject
Global
	GlobalSection(SolutionConfigurationPlatforms) = preSolution
		Ad-Hoc|Any CPU = Ad-Hoc|Any CPU
		Ad-Hoc|ARM = Ad-Hoc|ARM
		Ad-Hoc|iPhone = Ad-Hoc|iPhone
		Ad-Hoc|iPhoneSimulator = Ad-Hoc|iPhoneSimulator
		Ad-Hoc|x64 = Ad-Hoc|x64
		Ad-Hoc|x86 = Ad-Hoc|x86
		AppStore|Any CPU = AppStore|Any CPU
		AppStore|ARM = AppStore|ARM
		AppStore|iPhone = AppStore|iPhone
		AppStore|iPhoneSimulator = AppStore|iPhoneSimulator
		AppStore|x64 = AppStore|x64
		AppStore|x86 = AppStore|x86
		Debug|Any CPU = Debug|Any CPU
		Debug|ARM = Debug|ARM
		Debug|iPhone = Debug|iPhone
		Debug|iPhoneSimulator = Debug|iPhoneSimulator
		Debug|x64 = Debug|x64
		Debug|x86 = Debug|x86
		Release|Any CPU = Release|Any CPU
		Release|ARM = Release|ARM
		Release|iPhone = Release|iPhone
		Release|iPhoneSimulator = Release|iPhoneSimulator
		Release|x64 = Release|x64
		Release|x86 = Release|x86
	EndGlobalSection
	GlobalSection(ProjectConfigurationPlatforms) = postSolution
		{0D206C69-0863-45AE-9E49-0B3479BAD911}.Ad-Hoc|Any CPU.ActiveCfg = Release|Any CPU
		{0D206C69-0863-45AE-9E49-0B3479BAD911}.Ad-Hoc|Any CPU.Build.0 = Release|Any CPU
		{0D206C69-0863-45AE-9E49-0B3479BAD911}.Ad-Hoc|Any CPU.Deploy.0 = Release|Any CPU
		{0D206C69-0863-45AE-9E49-0B3479BAD911}.Ad-Hoc|ARM.ActiveCfg = Release|Any CPU
		{0D206C69-0863-45AE-9E49-0B3479BAD911}.Ad-Hoc|ARM.Build.0 = Release|Any CPU
		{0D206C69-0863-45AE-9E49-0B3479BAD911}.Ad-Hoc|ARM.Deploy.0 = Release|Any CPU
		{0D206C69-0863-45AE-9E49-0B3479BAD911}.Ad-Hoc|iPhone.ActiveCfg = Release|Any CPU
		{0D206C69-0863-45AE-9E49-0B3479BAD911}.Ad-Hoc|iPhone.Build.0 = Release|Any CPU
		{0D206C69-0863-45AE-9E49-0B3479BAD911}.Ad-Hoc|iPhone.Deploy.0 = Release|Any CPU
		{0D206C69-0863-45AE-9E49-0B3479BAD911}.Ad-Hoc|iPhoneSimulator.ActiveCfg = Release|Any CPU
		{0D206C69-0863-45AE-9E49-0B3479BAD911}.Ad-Hoc|iPhoneSimulator.Build.0 = Release|Any CPU
		{0D206C69-0863-45AE-9E49-0B3479BAD911}.Ad-Hoc|iPhoneSimulator.Deploy.0 = Release|Any CPU
		{0D206C69-0863-45AE-9E49-0B3479BAD911}.Ad-Hoc|x64.ActiveCfg = Release|Any CPU
		{0D206C69-0863-45AE-9E49-0B3479BAD911}.Ad-Hoc|x64.Build.0 = Release|Any CPU
		{0D206C69-0863-45AE-9E49-0B3479BAD911}.Ad-Hoc|x64.Deploy.0 = Release|Any CPU
		{0D206C69-0863-45AE-9E49-0B3479BAD911}.Ad-Hoc|x86.ActiveCfg = Release|Any CPU
		{0D206C69-0863-45AE-9E49-0B3479BAD911}.Ad-Hoc|x86.Build.0 = Release|Any CPU
		{0D206C69-0863-45AE-9E49-0B3479BAD911}.Ad-Hoc|x86.Deploy.0 = Release|Any CPU
		{0D206C69-0863-45AE-9E49-0B3479BAD911}.AppStore|Any CPU.ActiveCfg = Release|Any CPU
		{0D206C69-0863-45AE-9E49-0B3479BAD911}.AppStore|Any CPU.Build.0 = Release|Any CPU
		{0D206C69-0863-45AE-9E49-0B3479BAD911}.AppStore|Any CPU.Deploy.0 = Release|Any CPU
		{0D206C69-0863-45AE-9E49-0B3479BAD911}.AppStore|ARM.ActiveCfg = Release|Any CPU
		{0D206C69-0863-45AE-9E49-0B3479BAD911}.AppStore|ARM.Build.0 = Release|Any CPU
		{0D206C69-0863-45AE-9E49-0B3479BAD911}.AppStore|ARM.Deploy.0 = Release|Any CPU
		{0D206C69-0863-45AE-9E49-0B3479BAD911}.AppStore|iPhone.ActiveCfg = Release|Any CPU
		{0D206C69-0863-45AE-9E49-0B3479BAD911}.AppStore|iPhone.Build.0 = Release|Any CPU
		{0D206C69-0863-45AE-9E49-0B3479BAD911}.AppStore|iPhone.Deploy.0 = Release|Any CPU
		{0D206C69-0863-45AE-9E49-0B3479BAD911}.AppStore|iPhoneSimulator.ActiveCfg = Release|Any CPU
		{0D206C69-0863-45AE-9E49-0B3479BAD911}.AppStore|iPhoneSimulator.Build.0 = Release|Any CPU
		{0D206C69-0863-45AE-9E49-0B3479BAD911}.AppStore|iPhoneSimulator.Deploy.0 = Release|Any CPU
		{0D206C69-0863-45AE-9E49-0B3479BAD911}.AppStore|x64.ActiveCfg = Release|Any CPU
		{0D206C69-0863-45AE-9E49-0B3479BAD911}.AppStore|x64.Build.0 = Release|Any CPU
		{0D206C69-0863-45AE-9E49-0B3479BAD911}.AppStore|x64.Deploy.0 = Release|Any CPU
		{0D206C69-0863-45AE-9E49-0B3479BAD911}.AppStore|x86.ActiveCfg = Release|Any CPU
		{0D206C69-0863-45AE-9E49-0B3479BAD911}.AppStore|x86.Build.0 = Release|Any CPU
		{0D206C69-0863-45AE-9E49-0B3479BAD911}.AppStore|x86.Deploy.0 = Release|Any CPU
		{0D206C69-0863-45AE-9E49-0B3479BAD911}.Debug|Any CPU.ActiveCfg = Debug|Any CPU
		{0D206C69-0863-45AE-9E49-0B3479BAD911}.Debug|Any CPU.Build.0 = Debug|Any CPU
		{0D206C69-0863-45AE-9E49-0B3479BAD911}.Debug|Any CPU.Deploy.0 = Debug|Any CPU
		{0D206C69-0863-45AE-9E49-0B3479BAD911}.Debug|ARM.ActiveCfg = Debug|Any CPU
		{0D206C69-0863-45AE-9E49-0B3479BAD911}.Debug|ARM.Build.0 = Debug|Any CPU
		{0D206C69-0863-45AE-9E49-0B3479BAD911}.Debug|ARM.Deploy.0 = Debug|Any CPU
		{0D206C69-0863-45AE-9E49-0B3479BAD911}.Debug|iPhone.ActiveCfg = Debug|Any CPU
		{0D206C69-0863-45AE-9E49-0B3479BAD911}.Debug|iPhone.Build.0 = Debug|Any CPU
		{0D206C69-0863-45AE-9E49-0B3479BAD911}.Debug|iPhone.Deploy.0 = Debug|Any CPU
		{0D206C69-0863-45AE-9E49-0B3479BAD911}.Debug|iPhoneSimulator.ActiveCfg = Debug|Any CPU
		{0D206C69-0863-45AE-9E49-0B3479BAD911}.Debug|iPhoneSimulator.Build.0 = Debug|Any CPU
		{0D206C69-0863-45AE-9E49-0B3479BAD911}.Debug|iPhoneSimulator.Deploy.0 = Debug|Any CPU
		{0D206C69-0863-45AE-9E49-0B3479BAD911}.Debug|x64.ActiveCfg = Debug|Any CPU
		{0D206C69-0863-45AE-9E49-0B3479BAD911}.Debug|x64.Build.0 = Debug|Any CPU
		{0D206C69-0863-45AE-9E49-0B3479BAD911}.Debug|x64.Deploy.0 = Debug|Any CPU
		{0D206C69-0863-45AE-9E49-0B3479BAD911}.Debug|x86.ActiveCfg = Debug|Any CPU
		{0D206C69-0863-45AE-9E49-0B3479BAD911}.Debug|x86.Build.0 = Debug|Any CPU
		{0D206C69-0863-45AE-9E49-0B3479BAD911}.Debug|x86.Deploy.0 = Debug|Any CPU
		{0D206C69-0863-45AE-9E49-0B3479BAD911}.Release|Any CPU.ActiveCfg = Release|Any CPU
		{0D206C69-0863-45AE-9E49-0B3479BAD911}.Release|Any CPU.Build.0 = Release|Any CPU
		{0D206C69-0863-45AE-9E49-0B3479BAD911}.Release|Any CPU.Deploy.0 = Release|Any CPU
		{0D206C69-0863-45AE-9E49-0B3479BAD911}.Release|ARM.ActiveCfg = Release|Any CPU
		{0D206C69-0863-45AE-9E49-0B3479BAD911}.Release|ARM.Build.0 = Release|Any CPU
		{0D206C69-0863-45AE-9E49-0B3479BAD911}.Release|ARM.Deploy.0 = Release|Any CPU
		{0D206C69-0863-45AE-9E49-0B3479BAD911}.Release|iPhone.ActiveCfg = Release|Any CPU
		{0D206C69-0863-45AE-9E49-0B3479BAD911}.Release|iPhone.Build.0 = Release|Any CPU
		{0D206C69-0863-45AE-9E49-0B3479BAD911}.Release|iPhone.Deploy.0 = Release|Any CPU
		{0D206C69-0863-45AE-9E49-0B3479BAD911}.Release|iPhoneSimulator.ActiveCfg = Release|Any CPU
		{0D206C69-0863-45AE-9E49-0B3479BAD911}.Release|iPhoneSimulator.Build.0 = Release|Any CPU
		{0D206C69-0863-45AE-9E49-0B3479BAD911}.Release|iPhoneSimulator.Deploy.0 = Release|Any CPU
		{0D206C69-0863-45AE-9E49-0B3479BAD911}.Release|x64.ActiveCfg = Release|Any CPU
		{0D206C69-0863-45AE-9E49-0B3479BAD911}.Release|x64.Build.0 = Release|Any CPU
		{0D206C69-0863-45AE-9E49-0B3479BAD911}.Release|x64.Deploy.0 = Release|Any CPU
		{0D206C69-0863-45AE-9E49-0B3479BAD911}.Release|x86.ActiveCfg = Release|Any CPU
		{0D206C69-0863-45AE-9E49-0B3479BAD911}.Release|x86.Build.0 = Release|Any CPU
		{0D206C69-0863-45AE-9E49-0B3479BAD911}.Release|x86.Deploy.0 = Release|Any CPU
		{B64D8396-294B-4233-9BBF-97119C2B3833}.Ad-Hoc|Any CPU.ActiveCfg = Ad-Hoc|iPhone
		{B64D8396-294B-4233-9BBF-97119C2B3833}.Ad-Hoc|Any CPU.Build.0 = Ad-Hoc|iPhone
		{B64D8396-294B-4233-9BBF-97119C2B3833}.Ad-Hoc|Any CPU.Deploy.0 = Ad-Hoc|iPhone
		{B64D8396-294B-4233-9BBF-97119C2B3833}.Ad-Hoc|ARM.ActiveCfg = Ad-Hoc|iPhone
		{B64D8396-294B-4233-9BBF-97119C2B3833}.Ad-Hoc|ARM.Build.0 = Ad-Hoc|iPhone
		{B64D8396-294B-4233-9BBF-97119C2B3833}.Ad-Hoc|ARM.Deploy.0 = Ad-Hoc|iPhone
		{B64D8396-294B-4233-9BBF-97119C2B3833}.Ad-Hoc|iPhone.ActiveCfg = Ad-Hoc|iPhone
		{B64D8396-294B-4233-9BBF-97119C2B3833}.Ad-Hoc|iPhone.Build.0 = Ad-Hoc|iPhone
		{B64D8396-294B-4233-9BBF-97119C2B3833}.Ad-Hoc|iPhone.Deploy.0 = Ad-Hoc|iPhone
		{B64D8396-294B-4233-9BBF-97119C2B3833}.Ad-Hoc|iPhoneSimulator.ActiveCfg = Ad-Hoc|iPhoneSimulator
		{B64D8396-294B-4233-9BBF-97119C2B3833}.Ad-Hoc|iPhoneSimulator.Build.0 = Ad-Hoc|iPhoneSimulator
		{B64D8396-294B-4233-9BBF-97119C2B3833}.Ad-Hoc|iPhoneSimulator.Deploy.0 = Ad-Hoc|iPhoneSimulator
		{B64D8396-294B-4233-9BBF-97119C2B3833}.Ad-Hoc|x64.ActiveCfg = Ad-Hoc|iPhone
		{B64D8396-294B-4233-9BBF-97119C2B3833}.Ad-Hoc|x64.Build.0 = Ad-Hoc|iPhone
		{B64D8396-294B-4233-9BBF-97119C2B3833}.Ad-Hoc|x64.Deploy.0 = Ad-Hoc|iPhone
		{B64D8396-294B-4233-9BBF-97119C2B3833}.Ad-Hoc|x86.ActiveCfg = Ad-Hoc|iPhone
		{B64D8396-294B-4233-9BBF-97119C2B3833}.Ad-Hoc|x86.Build.0 = Ad-Hoc|iPhone
		{B64D8396-294B-4233-9BBF-97119C2B3833}.Ad-Hoc|x86.Deploy.0 = Ad-Hoc|iPhone
		{B64D8396-294B-4233-9BBF-97119C2B3833}.AppStore|Any CPU.ActiveCfg = AppStore|iPhone
		{B64D8396-294B-4233-9BBF-97119C2B3833}.AppStore|Any CPU.Build.0 = AppStore|iPhone
		{B64D8396-294B-4233-9BBF-97119C2B3833}.AppStore|Any CPU.Deploy.0 = AppStore|iPhone
		{B64D8396-294B-4233-9BBF-97119C2B3833}.AppStore|ARM.ActiveCfg = AppStore|iPhone
		{B64D8396-294B-4233-9BBF-97119C2B3833}.AppStore|ARM.Build.0 = AppStore|iPhone
		{B64D8396-294B-4233-9BBF-97119C2B3833}.AppStore|ARM.Deploy.0 = AppStore|iPhone
		{B64D8396-294B-4233-9BBF-97119C2B3833}.AppStore|iPhone.ActiveCfg = AppStore|iPhone
		{B64D8396-294B-4233-9BBF-97119C2B3833}.AppStore|iPhone.Build.0 = AppStore|iPhone
		{B64D8396-294B-4233-9BBF-97119C2B3833}.AppStore|iPhone.Deploy.0 = AppStore|iPhone
		{B64D8396-294B-4233-9BBF-97119C2B3833}.AppStore|iPhoneSimulator.ActiveCfg = AppStore|iPhoneSimulator
		{B64D8396-294B-4233-9BBF-97119C2B3833}.AppStore|iPhoneSimulator.Build.0 = AppStore|iPhoneSimulator
		{B64D8396-294B-4233-9BBF-97119C2B3833}.AppStore|iPhoneSimulator.Deploy.0 = AppStore|iPhoneSimulator
		{B64D8396-294B-4233-9BBF-97119C2B3833}.AppStore|x64.ActiveCfg = AppStore|iPhone
		{B64D8396-294B-4233-9BBF-97119C2B3833}.AppStore|x64.Build.0 = AppStore|iPhone
		{B64D8396-294B-4233-9BBF-97119C2B3833}.AppStore|x64.Deploy.0 = AppStore|iPhone
		{B64D8396-294B-4233-9BBF-97119C2B3833}.AppStore|x86.ActiveCfg = AppStore|iPhone
		{B64D8396-294B-4233-9BBF-97119C2B3833}.AppStore|x86.Build.0 = AppStore|iPhone
		{B64D8396-294B-4233-9BBF-97119C2B3833}.AppStore|x86.Deploy.0 = AppStore|iPhone
		{B64D8396-294B-4233-9BBF-97119C2B3833}.Debug|Any CPU.ActiveCfg = Debug|iPhoneSimulator
		{B64D8396-294B-4233-9BBF-97119C2B3833}.Debug|Any CPU.Build.0 = Debug|iPhoneSimulator
		{B64D8396-294B-4233-9BBF-97119C2B3833}.Debug|Any CPU.Deploy.0 = Debug|iPhoneSimulator
		{B64D8396-294B-4233-9BBF-97119C2B3833}.Debug|ARM.ActiveCfg = Debug|iPhone
		{B64D8396-294B-4233-9BBF-97119C2B3833}.Debug|ARM.Build.0 = Debug|iPhone
		{B64D8396-294B-4233-9BBF-97119C2B3833}.Debug|ARM.Deploy.0 = Debug|iPhone
		{B64D8396-294B-4233-9BBF-97119C2B3833}.Debug|iPhone.ActiveCfg = Debug|iPhone
		{B64D8396-294B-4233-9BBF-97119C2B3833}.Debug|iPhone.Build.0 = Debug|iPhone
		{B64D8396-294B-4233-9BBF-97119C2B3833}.Debug|iPhone.Deploy.0 = Debug|iPhone
		{B64D8396-294B-4233-9BBF-97119C2B3833}.Debug|iPhoneSimulator.ActiveCfg = Debug|iPhoneSimulator
		{B64D8396-294B-4233-9BBF-97119C2B3833}.Debug|iPhoneSimulator.Build.0 = Debug|iPhoneSimulator
		{B64D8396-294B-4233-9BBF-97119C2B3833}.Debug|iPhoneSimulator.Deploy.0 = Debug|iPhoneSimulator
		{B64D8396-294B-4233-9BBF-97119C2B3833}.Debug|x64.ActiveCfg = Debug|iPhone
		{B64D8396-294B-4233-9BBF-97119C2B3833}.Debug|x64.Build.0 = Debug|iPhone
		{B64D8396-294B-4233-9BBF-97119C2B3833}.Debug|x64.Deploy.0 = Debug|iPhone
		{B64D8396-294B-4233-9BBF-97119C2B3833}.Debug|x86.ActiveCfg = Debug|iPhone
		{B64D8396-294B-4233-9BBF-97119C2B3833}.Debug|x86.Build.0 = Debug|iPhone
		{B64D8396-294B-4233-9BBF-97119C2B3833}.Debug|x86.Deploy.0 = Debug|iPhone
		{B64D8396-294B-4233-9BBF-97119C2B3833}.Release|Any CPU.ActiveCfg = Release|iPhone
		{B64D8396-294B-4233-9BBF-97119C2B3833}.Release|Any CPU.Build.0 = Release|iPhone
		{B64D8396-294B-4233-9BBF-97119C2B3833}.Release|Any CPU.Deploy.0 = Release|iPhone
		{B64D8396-294B-4233-9BBF-97119C2B3833}.Release|ARM.ActiveCfg = Release|iPhone
		{B64D8396-294B-4233-9BBF-97119C2B3833}.Release|ARM.Build.0 = Release|iPhone
		{B64D8396-294B-4233-9BBF-97119C2B3833}.Release|ARM.Deploy.0 = Release|iPhone
		{B64D8396-294B-4233-9BBF-97119C2B3833}.Release|iPhone.ActiveCfg = Release|iPhone
		{B64D8396-294B-4233-9BBF-97119C2B3833}.Release|iPhone.Build.0 = Release|iPhone
		{B64D8396-294B-4233-9BBF-97119C2B3833}.Release|iPhone.Deploy.0 = Release|iPhone
		{B64D8396-294B-4233-9BBF-97119C2B3833}.Release|iPhoneSimulator.ActiveCfg = Release|iPhoneSimulator
		{B64D8396-294B-4233-9BBF-97119C2B3833}.Release|iPhoneSimulator.Build.0 = Release|iPhoneSimulator
		{B64D8396-294B-4233-9BBF-97119C2B3833}.Release|iPhoneSimulator.Deploy.0 = Release|iPhoneSimulator
		{B64D8396-294B-4233-9BBF-97119C2B3833}.Release|x64.ActiveCfg = Release|iPhone
		{B64D8396-294B-4233-9BBF-97119C2B3833}.Release|x64.Build.0 = Release|iPhone
		{B64D8396-294B-4233-9BBF-97119C2B3833}.Release|x64.Deploy.0 = Release|iPhone
		{B64D8396-294B-4233-9BBF-97119C2B3833}.Release|x86.ActiveCfg = Release|iPhone
		{B64D8396-294B-4233-9BBF-97119C2B3833}.Release|x86.Build.0 = Release|iPhone
		{B64D8396-294B-4233-9BBF-97119C2B3833}.Release|x86.Deploy.0 = Release|iPhone
		{1FE543DA-0FCF-44FF-9958-A165EC585C36}.Ad-Hoc|Any CPU.ActiveCfg = Release|x86
		{1FE543DA-0FCF-44FF-9958-A165EC585C36}.Ad-Hoc|Any CPU.Build.0 = Release|x86
		{1FE543DA-0FCF-44FF-9958-A165EC585C36}.Ad-Hoc|Any CPU.Deploy.0 = Release|x86
		{1FE543DA-0FCF-44FF-9958-A165EC585C36}.Ad-Hoc|ARM.ActiveCfg = Release|ARM
		{1FE543DA-0FCF-44FF-9958-A165EC585C36}.Ad-Hoc|ARM.Build.0 = Release|ARM
		{1FE543DA-0FCF-44FF-9958-A165EC585C36}.Ad-Hoc|ARM.Deploy.0 = Release|ARM
		{1FE543DA-0FCF-44FF-9958-A165EC585C36}.Ad-Hoc|iPhone.ActiveCfg = Release|x86
		{1FE543DA-0FCF-44FF-9958-A165EC585C36}.Ad-Hoc|iPhone.Build.0 = Release|x86
		{1FE543DA-0FCF-44FF-9958-A165EC585C36}.Ad-Hoc|iPhone.Deploy.0 = Release|x86
		{1FE543DA-0FCF-44FF-9958-A165EC585C36}.Ad-Hoc|iPhoneSimulator.ActiveCfg = Release|x86
		{1FE543DA-0FCF-44FF-9958-A165EC585C36}.Ad-Hoc|iPhoneSimulator.Build.0 = Release|x86
		{1FE543DA-0FCF-44FF-9958-A165EC585C36}.Ad-Hoc|iPhoneSimulator.Deploy.0 = Release|x86
		{1FE543DA-0FCF-44FF-9958-A165EC585C36}.Ad-Hoc|x64.ActiveCfg = Release|x64
		{1FE543DA-0FCF-44FF-9958-A165EC585C36}.Ad-Hoc|x64.Build.0 = Release|x64
		{1FE543DA-0FCF-44FF-9958-A165EC585C36}.Ad-Hoc|x64.Deploy.0 = Release|x64
		{1FE543DA-0FCF-44FF-9958-A165EC585C36}.Ad-Hoc|x86.ActiveCfg = Release|x86
		{1FE543DA-0FCF-44FF-9958-A165EC585C36}.Ad-Hoc|x86.Build.0 = Release|x86
		{1FE543DA-0FCF-44FF-9958-A165EC585C36}.Ad-Hoc|x86.Deploy.0 = Release|x86
		{1FE543DA-0FCF-44FF-9958-A165EC585C36}.AppStore|Any CPU.ActiveCfg = Release|x86
		{1FE543DA-0FCF-44FF-9958-A165EC585C36}.AppStore|Any CPU.Build.0 = Release|x86
		{1FE543DA-0FCF-44FF-9958-A165EC585C36}.AppStore|Any CPU.Deploy.0 = Release|x86
		{1FE543DA-0FCF-44FF-9958-A165EC585C36}.AppStore|ARM.ActiveCfg = Release|ARM
		{1FE543DA-0FCF-44FF-9958-A165EC585C36}.AppStore|ARM.Build.0 = Release|ARM
		{1FE543DA-0FCF-44FF-9958-A165EC585C36}.AppStore|ARM.Deploy.0 = Release|ARM
		{1FE543DA-0FCF-44FF-9958-A165EC585C36}.AppStore|iPhone.ActiveCfg = Release|x86
		{1FE543DA-0FCF-44FF-9958-A165EC585C36}.AppStore|iPhone.Build.0 = Release|x86
		{1FE543DA-0FCF-44FF-9958-A165EC585C36}.AppStore|iPhone.Deploy.0 = Release|x86
		{1FE543DA-0FCF-44FF-9958-A165EC585C36}.AppStore|iPhoneSimulator.ActiveCfg = Release|x86
		{1FE543DA-0FCF-44FF-9958-A165EC585C36}.AppStore|iPhoneSimulator.Build.0 = Release|x86
		{1FE543DA-0FCF-44FF-9958-A165EC585C36}.AppStore|iPhoneSimulator.Deploy.0 = Release|x86
		{1FE543DA-0FCF-44FF-9958-A165EC585C36}.AppStore|x64.ActiveCfg = Release|x64
		{1FE543DA-0FCF-44FF-9958-A165EC585C36}.AppStore|x64.Build.0 = Release|x64
		{1FE543DA-0FCF-44FF-9958-A165EC585C36}.AppStore|x64.Deploy.0 = Release|x64
		{1FE543DA-0FCF-44FF-9958-A165EC585C36}.AppStore|x86.ActiveCfg = Release|x86
		{1FE543DA-0FCF-44FF-9958-A165EC585C36}.AppStore|x86.Build.0 = Release|x86
		{1FE543DA-0FCF-44FF-9958-A165EC585C36}.AppStore|x86.Deploy.0 = Release|x86
		{1FE543DA-0FCF-44FF-9958-A165EC585C36}.Debug|Any CPU.ActiveCfg = Debug|x86
		{1FE543DA-0FCF-44FF-9958-A165EC585C36}.Debug|Any CPU.Build.0 = Debug|x86
		{1FE543DA-0FCF-44FF-9958-A165EC585C36}.Debug|Any CPU.Deploy.0 = Debug|x86
		{1FE543DA-0FCF-44FF-9958-A165EC585C36}.Debug|ARM.ActiveCfg = Debug|ARM
		{1FE543DA-0FCF-44FF-9958-A165EC585C36}.Debug|ARM.Build.0 = Debug|ARM
		{1FE543DA-0FCF-44FF-9958-A165EC585C36}.Debug|ARM.Deploy.0 = Debug|ARM
		{1FE543DA-0FCF-44FF-9958-A165EC585C36}.Debug|iPhone.ActiveCfg = Debug|x86
		{1FE543DA-0FCF-44FF-9958-A165EC585C36}.Debug|iPhone.Build.0 = Debug|x86
		{1FE543DA-0FCF-44FF-9958-A165EC585C36}.Debug|iPhone.Deploy.0 = Debug|x86
		{1FE543DA-0FCF-44FF-9958-A165EC585C36}.Debug|iPhoneSimulator.ActiveCfg = Debug|x86
		{1FE543DA-0FCF-44FF-9958-A165EC585C36}.Debug|iPhoneSimulator.Build.0 = Debug|x86
		{1FE543DA-0FCF-44FF-9958-A165EC585C36}.Debug|iPhoneSimulator.Deploy.0 = Debug|x86
		{1FE543DA-0FCF-44FF-9958-A165EC585C36}.Debug|x64.ActiveCfg = Debug|x64
		{1FE543DA-0FCF-44FF-9958-A165EC585C36}.Debug|x64.Build.0 = Debug|x64
		{1FE543DA-0FCF-44FF-9958-A165EC585C36}.Debug|x64.Deploy.0 = Debug|x64
		{1FE543DA-0FCF-44FF-9958-A165EC585C36}.Debug|x86.ActiveCfg = Debug|x86
		{1FE543DA-0FCF-44FF-9958-A165EC585C36}.Debug|x86.Build.0 = Debug|x86
		{1FE543DA-0FCF-44FF-9958-A165EC585C36}.Debug|x86.Deploy.0 = Debug|x86
		{1FE543DA-0FCF-44FF-9958-A165EC585C36}.Release|Any CPU.ActiveCfg = Release|x86
		{1FE543DA-0FCF-44FF-9958-A165EC585C36}.Release|Any CPU.Build.0 = Release|x86
		{1FE543DA-0FCF-44FF-9958-A165EC585C36}.Release|Any CPU.Deploy.0 = Release|x86
		{1FE543DA-0FCF-44FF-9958-A165EC585C36}.Release|ARM.ActiveCfg = Release|ARM
		{1FE543DA-0FCF-44FF-9958-A165EC585C36}.Release|ARM.Build.0 = Release|ARM
		{1FE543DA-0FCF-44FF-9958-A165EC585C36}.Release|ARM.Deploy.0 = Release|ARM
		{1FE543DA-0FCF-44FF-9958-A165EC585C36}.Release|iPhone.ActiveCfg = Release|x86
		{1FE543DA-0FCF-44FF-9958-A165EC585C36}.Release|iPhone.Build.0 = Release|x86
		{1FE543DA-0FCF-44FF-9958-A165EC585C36}.Release|iPhone.Deploy.0 = Release|x86
		{1FE543DA-0FCF-44FF-9958-A165EC585C36}.Release|iPhoneSimulator.ActiveCfg = Release|x86
		{1FE543DA-0FCF-44FF-9958-A165EC585C36}.Release|iPhoneSimulator.Build.0 = Release|x86
		{1FE543DA-0FCF-44FF-9958-A165EC585C36}.Release|iPhoneSimulator.Deploy.0 = Release|x86
		{1FE543DA-0FCF-44FF-9958-A165EC585C36}.Release|x64.ActiveCfg = Release|x64
		{1FE543DA-0FCF-44FF-9958-A165EC585C36}.Release|x64.Build.0 = Release|x64
		{1FE543DA-0FCF-44FF-9958-A165EC585C36}.Release|x64.Deploy.0 = Release|x64
		{1FE543DA-0FCF-44FF-9958-A165EC585C36}.Release|x86.ActiveCfg = Release|x86
		{1FE543DA-0FCF-44FF-9958-A165EC585C36}.Release|x86.Build.0 = Release|x86
		{1FE543DA-0FCF-44FF-9958-A165EC585C36}.Release|x86.Deploy.0 = Release|x86
		{1AC873DE-B0BD-454F-883F-7062EB3D5103}.Ad-Hoc|Any CPU.ActiveCfg = Debug|Any CPU
		{1AC873DE-B0BD-454F-883F-7062EB3D5103}.Ad-Hoc|Any CPU.Build.0 = Debug|Any CPU
		{1AC873DE-B0BD-454F-883F-7062EB3D5103}.Ad-Hoc|Any CPU.Deploy.0 = Debug|Any CPU
		{1AC873DE-B0BD-454F-883F-7062EB3D5103}.Ad-Hoc|ARM.ActiveCfg = Debug|Any CPU
		{1AC873DE-B0BD-454F-883F-7062EB3D5103}.Ad-Hoc|ARM.Build.0 = Debug|Any CPU
		{1AC873DE-B0BD-454F-883F-7062EB3D5103}.Ad-Hoc|ARM.Deploy.0 = Debug|Any CPU
		{1AC873DE-B0BD-454F-883F-7062EB3D5103}.Ad-Hoc|iPhone.ActiveCfg = Debug|Any CPU
		{1AC873DE-B0BD-454F-883F-7062EB3D5103}.Ad-Hoc|iPhone.Build.0 = Debug|Any CPU
		{1AC873DE-B0BD-454F-883F-7062EB3D5103}.Ad-Hoc|iPhone.Deploy.0 = Debug|Any CPU
		{1AC873DE-B0BD-454F-883F-7062EB3D5103}.Ad-Hoc|iPhoneSimulator.ActiveCfg = Debug|Any CPU
		{1AC873DE-B0BD-454F-883F-7062EB3D5103}.Ad-Hoc|iPhoneSimulator.Build.0 = Debug|Any CPU
		{1AC873DE-B0BD-454F-883F-7062EB3D5103}.Ad-Hoc|iPhoneSimulator.Deploy.0 = Debug|Any CPU
		{1AC873DE-B0BD-454F-883F-7062EB3D5103}.Ad-Hoc|x64.ActiveCfg = Debug|Any CPU
		{1AC873DE-B0BD-454F-883F-7062EB3D5103}.Ad-Hoc|x64.Build.0 = Debug|Any CPU
		{1AC873DE-B0BD-454F-883F-7062EB3D5103}.Ad-Hoc|x64.Deploy.0 = Debug|Any CPU
		{1AC873DE-B0BD-454F-883F-7062EB3D5103}.Ad-Hoc|x86.ActiveCfg = Debug|Any CPU
		{1AC873DE-B0BD-454F-883F-7062EB3D5103}.Ad-Hoc|x86.Build.0 = Debug|Any CPU
		{1AC873DE-B0BD-454F-883F-7062EB3D5103}.Ad-Hoc|x86.Deploy.0 = Debug|Any CPU
		{1AC873DE-B0BD-454F-883F-7062EB3D5103}.AppStore|Any CPU.ActiveCfg = Debug|Any CPU
		{1AC873DE-B0BD-454F-883F-7062EB3D5103}.AppStore|Any CPU.Build.0 = Debug|Any CPU
		{1AC873DE-B0BD-454F-883F-7062EB3D5103}.AppStore|Any CPU.Deploy.0 = Debug|Any CPU
		{1AC873DE-B0BD-454F-883F-7062EB3D5103}.AppStore|ARM.ActiveCfg = Debug|Any CPU
		{1AC873DE-B0BD-454F-883F-7062EB3D5103}.AppStore|ARM.Build.0 = Debug|Any CPU
		{1AC873DE-B0BD-454F-883F-7062EB3D5103}.AppStore|ARM.Deploy.0 = Debug|Any CPU
		{1AC873DE-B0BD-454F-883F-7062EB3D5103}.AppStore|iPhone.ActiveCfg = Debug|Any CPU
		{1AC873DE-B0BD-454F-883F-7062EB3D5103}.AppStore|iPhone.Build.0 = Debug|Any CPU
		{1AC873DE-B0BD-454F-883F-7062EB3D5103}.AppStore|iPhone.Deploy.0 = Debug|Any CPU
		{1AC873DE-B0BD-454F-883F-7062EB3D5103}.AppStore|iPhoneSimulator.ActiveCfg = Debug|Any CPU
		{1AC873DE-B0BD-454F-883F-7062EB3D5103}.AppStore|iPhoneSimulator.Build.0 = Debug|Any CPU
		{1AC873DE-B0BD-454F-883F-7062EB3D5103}.AppStore|iPhoneSimulator.Deploy.0 = Debug|Any CPU
		{1AC873DE-B0BD-454F-883F-7062EB3D5103}.AppStore|x64.ActiveCfg = Debug|Any CPU
		{1AC873DE-B0BD-454F-883F-7062EB3D5103}.AppStore|x64.Build.0 = Debug|Any CPU
		{1AC873DE-B0BD-454F-883F-7062EB3D5103}.AppStore|x64.Deploy.0 = Debug|Any CPU
		{1AC873DE-B0BD-454F-883F-7062EB3D5103}.AppStore|x86.ActiveCfg = Debug|Any CPU
		{1AC873DE-B0BD-454F-883F-7062EB3D5103}.AppStore|x86.Build.0 = Debug|Any CPU
		{1AC873DE-B0BD-454F-883F-7062EB3D5103}.AppStore|x86.Deploy.0 = Debug|Any CPU
		{1AC873DE-B0BD-454F-883F-7062EB3D5103}.Debug|Any CPU.ActiveCfg = Debug|Any CPU
		{1AC873DE-B0BD-454F-883F-7062EB3D5103}.Debug|Any CPU.Build.0 = Debug|Any CPU
		{1AC873DE-B0BD-454F-883F-7062EB3D5103}.Debug|Any CPU.Deploy.0 = Debug|Any CPU
		{1AC873DE-B0BD-454F-883F-7062EB3D5103}.Debug|ARM.ActiveCfg = Debug|Any CPU
		{1AC873DE-B0BD-454F-883F-7062EB3D5103}.Debug|ARM.Build.0 = Debug|Any CPU
		{1AC873DE-B0BD-454F-883F-7062EB3D5103}.Debug|ARM.Deploy.0 = Debug|Any CPU
		{1AC873DE-B0BD-454F-883F-7062EB3D5103}.Debug|iPhone.ActiveCfg = Debug|Any CPU
		{1AC873DE-B0BD-454F-883F-7062EB3D5103}.Debug|iPhone.Build.0 = Debug|Any CPU
		{1AC873DE-B0BD-454F-883F-7062EB3D5103}.Debug|iPhone.Deploy.0 = Debug|Any CPU
		{1AC873DE-B0BD-454F-883F-7062EB3D5103}.Debug|iPhoneSimulator.ActiveCfg = Debug|Any CPU
		{1AC873DE-B0BD-454F-883F-7062EB3D5103}.Debug|iPhoneSimulator.Build.0 = Debug|Any CPU
		{1AC873DE-B0BD-454F-883F-7062EB3D5103}.Debug|iPhoneSimulator.Deploy.0 = Debug|Any CPU
		{1AC873DE-B0BD-454F-883F-7062EB3D5103}.Debug|x64.ActiveCfg = Debug|Any CPU
		{1AC873DE-B0BD-454F-883F-7062EB3D5103}.Debug|x64.Build.0 = Debug|Any CPU
		{1AC873DE-B0BD-454F-883F-7062EB3D5103}.Debug|x64.Deploy.0 = Debug|Any CPU
		{1AC873DE-B0BD-454F-883F-7062EB3D5103}.Debug|x86.ActiveCfg = Debug|Any CPU
		{1AC873DE-B0BD-454F-883F-7062EB3D5103}.Debug|x86.Build.0 = Debug|Any CPU
		{1AC873DE-B0BD-454F-883F-7062EB3D5103}.Debug|x86.Deploy.0 = Debug|Any CPU
		{1AC873DE-B0BD-454F-883F-7062EB3D5103}.Release|Any CPU.ActiveCfg = Release|Any CPU
		{1AC873DE-B0BD-454F-883F-7062EB3D5103}.Release|Any CPU.Build.0 = Release|Any CPU
		{1AC873DE-B0BD-454F-883F-7062EB3D5103}.Release|Any CPU.Deploy.0 = Release|Any CPU
		{1AC873DE-B0BD-454F-883F-7062EB3D5103}.Release|ARM.ActiveCfg = Release|Any CPU
		{1AC873DE-B0BD-454F-883F-7062EB3D5103}.Release|ARM.Build.0 = Release|Any CPU
		{1AC873DE-B0BD-454F-883F-7062EB3D5103}.Release|ARM.Deploy.0 = Release|Any CPU
		{1AC873DE-B0BD-454F-883F-7062EB3D5103}.Release|iPhone.ActiveCfg = Release|Any CPU
		{1AC873DE-B0BD-454F-883F-7062EB3D5103}.Release|iPhone.Build.0 = Release|Any CPU
		{1AC873DE-B0BD-454F-883F-7062EB3D5103}.Release|iPhone.Deploy.0 = Release|Any CPU
		{1AC873DE-B0BD-454F-883F-7062EB3D5103}.Release|iPhoneSimulator.ActiveCfg = Release|Any CPU
		{1AC873DE-B0BD-454F-883F-7062EB3D5103}.Release|iPhoneSimulator.Build.0 = Release|Any CPU
		{1AC873DE-B0BD-454F-883F-7062EB3D5103}.Release|iPhoneSimulator.Deploy.0 = Release|Any CPU
		{1AC873DE-B0BD-454F-883F-7062EB3D5103}.Release|x64.ActiveCfg = Release|Any CPU
		{1AC873DE-B0BD-454F-883F-7062EB3D5103}.Release|x64.Build.0 = Release|Any CPU
		{1AC873DE-B0BD-454F-883F-7062EB3D5103}.Release|x64.Deploy.0 = Release|Any CPU
		{1AC873DE-B0BD-454F-883F-7062EB3D5103}.Release|x86.ActiveCfg = Release|Any CPU
		{1AC873DE-B0BD-454F-883F-7062EB3D5103}.Release|x86.Build.0 = Release|Any CPU
		{1AC873DE-B0BD-454F-883F-7062EB3D5103}.Release|x86.Deploy.0 = Release|Any CPU
	EndGlobalSection
	GlobalSection(SolutionProperties) = preSolution
		HideSolutionNode = FALSE
	EndGlobalSection
	GlobalSection(ExtensibilityGlobals) = postSolution
		SolutionGuid = {D52A0256-AD11-48AF-8D17-3DE41505DEB4}
	EndGlobalSection
EndGlobal
